// !$*UTF8*$!
{
	archiveVersion = 1;
	classes = {
	};
	objectVersion = 56;
	objects = {

/* Begin PBXBuildFile section */
		B100000100000000000000A1 /* YappyApp.swift in Sources */ = {isa = PBXBuildFile; fileRef = B200000100000000000000A1 /* YappyApp.swift */; };
		B100000200000000000000A1 /* AppDelegate.swift in Sources */ = {isa = PBXBuildFile; fileRef = B200000200000000000000A1 /* AppDelegate.swift */; };
		B100000300000000000000A1 /* AudioRecorder.swift in Sources */ = {isa = PBXBuildFile; fileRef = B200000300000000000000A1 /* AudioRecorder.swift */; };
		B100000400000000000000A1 /* AppState.swift in Sources */ = {isa = PBXBuildFile; fileRef = B200000400000000000000A1 /* AppState.swift */; };
		B100000500000000000000A1 /* Settings.swift in Sources */ = {isa = PBXBuildFile; fileRef = B200000500000000000000A1 /* Settings.swift */; };
		B100000600000000000000A1 /* Constants.swift in Sources */ = {isa = PBXBuildFile; fileRef = B200000600000000000000A1 /* Constants.swift */; };
		B100000700000000000000A1 /* HistoryStore.swift in Sources */ = {isa = PBXBuildFile; fileRef = B200000700000000000000A1 /* HistoryStore.swift */; };
		B100000800000000000000A1 /* ParakeetTranscriptionService.swift in Sources */ = {isa = PBXBuildFile; fileRef = B200000800000000000000A1 /* ParakeetTranscriptionService.swift */; };
		B100000900000000000000A1 /* LMStudioService.swift in Sources */ = {isa = PBXBuildFile; fileRef = B200000900000000000000A1 /* LMStudioService.swift */; };
		B100000A00000000000000A1 /* HotkeyManager.swift in Sources */ = {isa = PBXBuildFile; fileRef = B200000A00000000000000A1 /* HotkeyManager.swift */; };
		B100000B00000000000000A1 /* TextInserter.swift in Sources */ = {isa = PBXBuildFile; fileRef = B200000B00000000000000A1 /* TextInserter.swift */; };
		B100000C00000000000000A1 /* RecordingPillController.swift in Sources */ = {isa = PBXBuildFile; fileRef = B200000C00000000000000A1 /* RecordingPillController.swift */; };
		B100000D00000000000000A1 /* RecordingPillView.swift in Sources */ = {isa = PBXBuildFile; fileRef = B200000D00000000000000A1 /* RecordingPillView.swift */; };
		B100000E00000000000000A1 /* MainWindow.swift in Sources */ = {isa = PBXBuildFile; fileRef = B200000E00000000000000A1 /* MainWindow.swift */; };
		B100000F00000000000000A1 /* HomeView.swift in Sources */ = {isa = PBXBuildFile; fileRef = B200000F00000000000000A1 /* HomeView.swift */; };
		B100001000000000000000A1 /* SettingsView.swift in Sources */ = {isa = PBXBuildFile; fileRef = B200001000000000000000A1 /* SettingsView.swift */; };
		B100001100000000000000A1 /* ModelSetupView.swift in Sources */ = {isa = PBXBuildFile; fileRef = B200001100000000000000A1 /* ModelSetupView.swift */; };
		B100002000000000000000A1 /* ShortcutStore.swift in Sources */ = {isa = PBXBuildFile; fileRef = B200002000000000000000A1 /* ShortcutStore.swift */; };
		B100002100000000000000A1 /* ShortcutExpander.swift in Sources */ = {isa = PBXBuildFile; fileRef = B200002100000000000000A1 /* ShortcutExpander.swift */; };
		B100002200000000000000A1 /* AppContextClassifier.swift in Sources */ = {isa = PBXBuildFile; fileRef = B200002200000000000000A1 /* AppContextClassifier.swift */; };
		B100002300000000000000A1 /* ShortcutsView.swift in Sources */ = {isa = PBXBuildFile; fileRef = B200002300000000000000A1 /* ShortcutsView.swift */; };
		B100002400000000000000A1 /* OnboardingView.swift in Sources */ = {isa = PBXBuildFile; fileRef = B200002400000000000000A1 /* OnboardingView.swift */; };
		B100002800000000000000A1 /* DictionaryStore.swift in Sources */ = {isa = PBXBuildFile; fileRef = B200002800000000000000A1 /* DictionaryStore.swift */; };
		B100002900000000000000A1 /* DictionaryView.swift in Sources */ = {isa = PBXBuildFile; fileRef = B200002900000000000000A1 /* DictionaryView.swift */; };
		B100002A00000000000000A1 /* DictionaryStoreTests.swift in Sources */ = {isa = PBXBuildFile; fileRef = B200002A00000000000000A1 /* DictionaryStoreTests.swift */; };
		B100002B00000000000000A1 /* WaveformBarsView.swift in Sources */ = {isa = PBXBuildFile; fileRef = B200002B00000000000000A1 /* WaveformBarsView.swift */; };
		B100002C00000000000000A1 /* EscapeInterceptor.swift in Sources */ = {isa = PBXBuildFile; fileRef = B200002C00000000000000A1 /* EscapeInterceptor.swift */; };
		B100002D00000000000000A1 /* HeatmapModel.swift in Sources */ = {isa = PBXBuildFile; fileRef = B200002D00000000000000A1 /* HeatmapModel.swift */; };
		B100002E00000000000000A1 /* HeatmapView.swift in Sources */ = {isa = PBXBuildFile; fileRef = B200002E00000000000000A1 /* HeatmapView.swift */; };
		B100002F00000000000000A1 /* IconCache.swift in Sources */ = {isa = PBXBuildFile; fileRef = B200002F00000000000000A1 /* IconCache.swift */; };
		B100003000000000000000A1 /* SoundPlayer.swift in Sources */ = {isa = PBXBuildFile; fileRef = B200003000000000000000A1 /* SoundPlayer.swift */; };
		B100003100000000000000A1 /* HeatmapModelTests.swift in Sources */ = {isa = PBXBuildFile; fileRef = B200003100000000000000A1 /* HeatmapModelTests.swift */; };
		B100003200000000000000A1 /* record-start.wav in Resources */ = {isa = PBXBuildFile; fileRef = B200003200000000000000A1 /* record-start.wav */; };
		B100003300000000000000A1 /* record-stop.wav in Resources */ = {isa = PBXBuildFile; fileRef = B200003300000000000000A1 /* record-stop.wav */; };
		B100003400000000000000A1 /* success.wav in Resources */ = {isa = PBXBuildFile; fileRef = B200003400000000000000A1 /* success.wav */; };
		B100002500000000000000A1 /* ShortcutExpanderTests.swift in Sources */ = {isa = PBXBuildFile; fileRef = B200002500000000000000A1 /* ShortcutExpanderTests.swift */; };
		B100002600000000000000A1 /* AppContextClassifierTests.swift in Sources */ = {isa = PBXBuildFile; fileRef = B200002600000000000000A1 /* AppContextClassifierTests.swift */; };
		B100002700000000000000A1 /* ShortcutStoreTests.swift in Sources */ = {isa = PBXBuildFile; fileRef = B200002700000000000000A1 /* ShortcutStoreTests.swift */; };
		B100001200000000000000A1 /* Assets.xcassets in Resources */ = {isa = PBXBuildFile; fileRef = B200001200000000000000A1 /* Assets.xcassets */; };
		B100001300000000000000A1 /* FluidAudio in Frameworks */ = {isa = PBXBuildFile; productRef = B600000100000000000000A1 /* FluidAudio */; };
		B100001400000000000000A1 /* AppStateTests.swift in Sources */ = {isa = PBXBuildFile; fileRef = B200001400000000000000A1 /* AppStateTests.swift */; };
		B100001500000000000000A1 /* SettingsTests.swift in Sources */ = {isa = PBXBuildFile; fileRef = B200001500000000000000A1 /* SettingsTests.swift */; };
		B100001600000000000000A1 /* HotkeyStateMachineTests.swift in Sources */ = {isa = PBXBuildFile; fileRef = B200001600000000000000A1 /* HotkeyStateMachineTests.swift */; };
		B100001700000000000000A1 /* HistoryStoreTests.swift in Sources */ = {isa = PBXBuildFile; fileRef = B200001700000000000000A1 /* HistoryStoreTests.swift */; };
/* End PBXBuildFile section */

/* Begin PBXContainerItemProxy section */
		B300000100000000000000A1 /* PBXContainerItemProxy */ = {
			isa = PBXContainerItemProxy;
			containerPortal = B500000100000000000000A1 /* Project object */;
			proxyType = 1;
			remoteGlobalIDString = B400000100000000000000A1;
			remoteInfo = Yappy;
		};
/* End PBXContainerItemProxy section */

/* Begin PBXFileReference section */
		B200000100000000000000A1 /* YappyApp.swift */ = {isa = PBXFileReference; lastKnownFileType = sourcecode.swift; path = YappyApp.swift; sourceTree = "<group>"; };
		B200000200000000000000A1 /* AppDelegate.swift */ = {isa = PBXFileReference; lastKnownFileType = sourcecode.swift; path = AppDelegate.swift; sourceTree = "<group>"; };
		B200000300000000000000A1 /* AudioRecorder.swift */ = {isa = PBXFileReference; lastKnownFileType = sourcecode.swift; path = AudioRecorder.swift; sourceTree = "<group>"; };
		B200000400000000000000A1 /* AppState.swift */ = {isa = PBXFileReference; lastKnownFileType = sourcecode.swift; path = AppState.swift; sourceTree = "<group>"; };
		B200000500000000000000A1 /* Settings.swift */ = {isa = PBXFileReference; lastKnownFileType = sourcecode.swift; path = Settings.swift; sourceTree = "<group>"; };
		B200000600000000000000A1 /* Constants.swift */ = {isa = PBXFileReference; lastKnownFileType = sourcecode.swift; path = Constants.swift; sourceTree = "<group>"; };
		B200000700000000000000A1 /* HistoryStore.swift */ = {isa = PBXFileReference; lastKnownFileType = sourcecode.swift; path = HistoryStore.swift; sourceTree = "<group>"; };
		B200000800000000000000A1 /* ParakeetTranscriptionService.swift */ = {isa = PBXFileReference; lastKnownFileType = sourcecode.swift; path = ParakeetTranscriptionService.swift; sourceTree = "<group>"; };
		B200000900000000000000A1 /* LMStudioService.swift */ = {isa = PBXFileReference; lastKnownFileType = sourcecode.swift; path = LMStudioService.swift; sourceTree = "<group>"; };
		B200000A00000000000000A1 /* HotkeyManager.swift */ = {isa = PBXFileReference; lastKnownFileType = sourcecode.swift; path = HotkeyManager.swift; sourceTree = "<group>"; };
		B200000B00000000000000A1 /* TextInserter.swift */ = {isa = PBXFileReference; lastKnownFileType = sourcecode.swift; path = TextInserter.swift; sourceTree = "<group>"; };
		B200000C00000000000000A1 /* RecordingPillController.swift */ = {isa = PBXFileReference; lastKnownFileType = sourcecode.swift; path = RecordingPillController.swift; sourceTree = "<group>"; };
		B200000D00000000000000A1 /* RecordingPillView.swift */ = {isa = PBXFileReference; lastKnownFileType = sourcecode.swift; path = RecordingPillView.swift; sourceTree = "<group>"; };
		B200000E00000000000000A1 /* MainWindow.swift */ = {isa = PBXFileReference; lastKnownFileType = sourcecode.swift; path = MainWindow.swift; sourceTree = "<group>"; };
		B200000F00000000000000A1 /* HomeView.swift */ = {isa = PBXFileReference; lastKnownFileType = sourcecode.swift; path = HomeView.swift; sourceTree = "<group>"; };
		B200001000000000000000A1 /* SettingsView.swift */ = {isa = PBXFileReference; lastKnownFileType = sourcecode.swift; path = SettingsView.swift; sourceTree = "<group>"; };
		B200001100000000000000A1 /* ModelSetupView.swift */ = {isa = PBXFileReference; lastKnownFileType = sourcecode.swift; path = ModelSetupView.swift; sourceTree = "<group>"; };
		B200002000000000000000A1 /* ShortcutStore.swift */ = {isa = PBXFileReference; lastKnownFileType = sourcecode.swift; path = ShortcutStore.swift; sourceTree = "<group>"; };
		B200002100000000000000A1 /* ShortcutExpander.swift */ = {isa = PBXFileReference; lastKnownFileType = sourcecode.swift; path = ShortcutExpander.swift; sourceTree = "<group>"; };
		B200002200000000000000A1 /* AppContextClassifier.swift */ = {isa = PBXFileReference; lastKnownFileType = sourcecode.swift; path = AppContextClassifier.swift; sourceTree = "<group>"; };
		B200002300000000000000A1 /* ShortcutsView.swift */ = {isa = PBXFileReference; lastKnownFileType = sourcecode.swift; path = ShortcutsView.swift; sourceTree = "<group>"; };
		B200002400000000000000A1 /* OnboardingView.swift */ = {isa = PBXFileReference; lastKnownFileType = sourcecode.swift; path = OnboardingView.swift; sourceTree = "<group>"; };
		B200002800000000000000A1 /* DictionaryStore.swift */ = {isa = PBXFileReference; lastKnownFileType = sourcecode.swift; path = DictionaryStore.swift; sourceTree = "<group>"; };
		B200002900000000000000A1 /* DictionaryView.swift */ = {isa = PBXFileReference; lastKnownFileType = sourcecode.swift; path = DictionaryView.swift; sourceTree = "<group>"; };
		B200002A00000000000000A1 /* DictionaryStoreTests.swift */ = {isa = PBXFileReference; lastKnownFileType = sourcecode.swift; path = DictionaryStoreTests.swift; sourceTree = "<group>"; };
		B200002B00000000000000A1 /* WaveformBarsView.swift */ = {isa = PBXFileReference; lastKnownFileType = sourcecode.swift; path = WaveformBarsView.swift; sourceTree = "<group>"; };
		B200002C00000000000000A1 /* EscapeInterceptor.swift */ = {isa = PBXFileReference; lastKnownFileType = sourcecode.swift; path = EscapeInterceptor.swift; sourceTree = "<group>"; };
		B200002D00000000000000A1 /* HeatmapModel.swift */ = {isa = PBXFileReference; lastKnownFileType = sourcecode.swift; path = HeatmapModel.swift; sourceTree = "<group>"; };
		B200002E00000000000000A1 /* HeatmapView.swift */ = {isa = PBXFileReference; lastKnownFileType = sourcecode.swift; path = HeatmapView.swift; sourceTree = "<group>"; };
		B200002F00000000000000A1 /* IconCache.swift */ = {isa = PBXFileReference; lastKnownFileType = sourcecode.swift; path = IconCache.swift; sourceTree = "<group>"; };
		B200003000000000000000A1 /* SoundPlayer.swift */ = {isa = PBXFileReference; lastKnownFileType = sourcecode.swift; path = SoundPlayer.swift; sourceTree = "<group>"; };
		B200003100000000000000A1 /* HeatmapModelTests.swift */ = {isa = PBXFileReference; lastKnownFileType = sourcecode.swift; path = HeatmapModelTests.swift; sourceTree = "<group>"; };
		B200003200000000000000A1 /* record-start.wav */ = {isa = PBXFileReference; lastKnownFileType = audio.wav; path = "record-start.wav"; sourceTree = "<group>"; };
		B200003300000000000000A1 /* record-stop.wav */ = {isa = PBXFileReference; lastKnownFileType = audio.wav; path = "record-stop.wav"; sourceTree = "<group>"; };
		B200003400000000000000A1 /* success.wav */ = {isa = PBXFileReference; lastKnownFileType = audio.wav; path = "success.wav"; sourceTree = "<group>"; };
		B200002500000000000000A1 /* ShortcutExpanderTests.swift */ = {isa = PBXFileReference; lastKnownFileType = sourcecode.swift; path = ShortcutExpanderTests.swift; sourceTree = "<group>"; };
		B200002600000000000000A1 /* AppContextClassifierTests.swift */ = {isa = PBXFileReference; lastKnownFileType = sourcecode.swift; path = AppContextClassifierTests.swift; sourceTree = "<group>"; };
		B200002700000000000000A1 /* ShortcutStoreTests.swift */ = {isa = PBXFileReference; lastKnownFileType = sourcecode.swift; path = ShortcutStoreTests.swift; sourceTree = "<group>"; };
		B200001200000000000000A1 /* Assets.xcassets */ = {isa = PBXFileReference; lastKnownFileType = folder.assetcatalog; path = Assets.xcassets; sourceTree = "<group>"; };
		B200001300000000000000A1 /* Yappy.app */ = {isa = PBXFileReference; explicitFileType = wrapper.application; includeInIndex = 0; path = Yappy.app; sourceTree = BUILT_PRODUCTS_DIR; };
		B200001400000000000000A1 /* AppStateTests.swift */ = {isa = PBXFileReference; lastKnownFileType = sourcecode.swift; path = AppStateTests.swift; sourceTree = "<group>"; };
		B200001500000000000000A1 /* SettingsTests.swift */ = {isa = PBXFileReference; lastKnownFileType = sourcecode.swift; path = SettingsTests.swift; sourceTree = "<group>"; };
		B200001600000000000000A1 /* HotkeyStateMachineTests.swift */ = {isa = PBXFileReference; lastKnownFileType = sourcecode.swift; path = HotkeyStateMachineTests.swift; sourceTree = "<group>"; };
		B200001700000000000000A1 /* HistoryStoreTests.swift */ = {isa = PBXFileReference; lastKnownFileType = sourcecode.swift; path = HistoryStoreTests.swift; sourceTree = "<group>"; };
		B200001800000000000000A1 /* YappyTests.xctest */ = {isa = PBXFileReference; explicitFileType = wrapper.cfbundle; includeInIndex = 0; path = YappyTests.xctest; sourceTree = BUILT_PRODUCTS_DIR; };
		B200001900000000000000A1 /* Info.plist */ = {isa = PBXFileReference; lastKnownFileType = text.plist.xml; path = Info.plist; sourceTree = "<group>"; };
		B200001A00000000000000A1 /* Yappy.entitlements */ = {isa = PBXFileReference; lastKnownFileType = text.plist.entitlements; path = Yappy.entitlements; sourceTree = "<group>"; };
/* End PBXFileReference section */

/* Begin PBXFrameworksBuildPhase section */
		B700000100000000000000A1 /* Frameworks */ = {
			isa = PBXFrameworksBuildPhase;
			buildActionMask = 2147483647;
			files = (
				B100001300000000000000A1 /* FluidAudio in Frameworks */,
			);
			runOnlyForDeploymentPostprocessing = 0;
		};
		B700000200000000000000A1 /* Frameworks */ = {
			isa = PBXFrameworksBuildPhase;
			buildActionMask = 2147483647;
			files = (
			);
			runOnlyForDeploymentPostprocessing = 0;
		};
/* End PBXFrameworksBuildPhase section */

/* Begin PBXGroup section */
		B800000100000000000000A1 = {
			isa = PBXGroup;
			children = (
				B800000200000000000000A1 /* Yappy */,
				B800000700000000000000A1 /* YappyTests */,
				B800000800000000000000A1 /* Products */,
			);
			sourceTree = "<group>";
		};
		B800000200000000000000A1 /* Yappy */ = {
			isa = PBXGroup;
			children = (
				B800000300000000000000A1 /* App */,
				B800000400000000000000A1 /* Core */,
				B800000500000000000000A1 /* Services */,
				B800000600000000000000A1 /* UI */,
				B800000900000000000000A1 /* Sounds */,
				B200001200000000000000A1 /* Assets.xcassets */,
				B200001900000000000000A1 /* Info.plist */,
				B200001A00000000000000A1 /* Yappy.entitlements */,
			);
			path = Yappy;
			sourceTree = "<group>";
		};
		B800000900000000000000A1 /* Sounds */ = {
			isa = PBXGroup;
			children = (
				B200003200000000000000A1 /* record-start.wav */,
				B200003300000000000000A1 /* record-stop.wav */,
				B200003400000000000000A1 /* success.wav */,
			);
			path = "Resources/Sounds";
			sourceTree = "<group>";
		};
		B800000300000000000000A1 /* App */ = {
			isa = PBXGroup;
			children = (
				B200000100000000000000A1 /* YappyApp.swift */,
				B200000200000000000000A1 /* AppDelegate.swift */,
				B200000300000000000000A1 /* AudioRecorder.swift */,
			);
			path = App;
			sourceTree = "<group>";
		};
		B800000400000000000000A1 /* Core */ = {
			isa = PBXGroup;
			children = (
				B200000400000000000000A1 /* AppState.swift */,
				B200000500000000000000A1 /* Settings.swift */,
				B200000600000000000000A1 /* Constants.swift */,
				B200000700000000000000A1 /* HistoryStore.swift */,
				B200002000000000000000A1 /* ShortcutStore.swift */,
				B200002200000000000000A1 /* AppContextClassifier.swift */,
				B200002800000000000000A1 /* DictionaryStore.swift */,
				B200002D00000000000000A1 /* HeatmapModel.swift */,
				B200002F00000000000000A1 /* IconCache.swift */,
			);
			path = Core;
			sourceTree = "<group>";
		};
		B800000500000000000000A1 /* Services */ = {
			isa = PBXGroup;
			children = (
				B200000800000000000000A1 /* ParakeetTranscriptionService.swift */,
				B200000900000000000000A1 /* LMStudioService.swift */,
				B200000A00000000000000A1 /* HotkeyManager.swift */,
				B200000B00000000000000A1 /* TextInserter.swift */,
				B200002100000000000000A1 /* ShortcutExpander.swift */,
				B200002C00000000000000A1 /* EscapeInterceptor.swift */,
				B200003000000000000000A1 /* SoundPlayer.swift */,
			);
			path = Services;
			sourceTree = "<group>";
		};
		B800000600000000000000A1 /* UI */ = {
			isa = PBXGroup;
			children = (
				B200000C00000000000000A1 /* RecordingPillController.swift */,
				B200000D00000000000000A1 /* RecordingPillView.swift */,
				B200000E00000000000000A1 /* MainWindow.swift */,
				B200000F00000000000000A1 /* HomeView.swift */,
				B200001000000000000000A1 /* SettingsView.swift */,
				B200001100000000000000A1 /* ModelSetupView.swift */,
				B200002300000000000000A1 /* ShortcutsView.swift */,
				B200002400000000000000A1 /* OnboardingView.swift */,
				B200002900000000000000A1 /* DictionaryView.swift */,
				B200002B00000000000000A1 /* WaveformBarsView.swift */,
				B200002E00000000000000A1 /* HeatmapView.swift */,
			);
			path = UI;
			sourceTree = "<group>";
		};
		B800000700000000000000A1 /* YappyTests */ = {
			isa = PBXGroup;
			children = (
				B200001400000000000000A1 /* AppStateTests.swift */,
				B200001500000000000000A1 /* SettingsTests.swift */,
				B200001600000000000000A1 /* HotkeyStateMachineTests.swift */,
				B200001700000000000000A1 /* HistoryStoreTests.swift */,
				B200002500000000000000A1 /* ShortcutExpanderTests.swift */,
				B200002600000000000000A1 /* AppContextClassifierTests.swift */,
				B200002700000000000000A1 /* ShortcutStoreTests.swift */,
				B200002A00000000000000A1 /* DictionaryStoreTests.swift */,
				B200003100000000000000A1 /* HeatmapModelTests.swift */,
			);
			path = YappyTests;
			sourceTree = "<group>";
		};
		B800000800000000000000A1 /* Products */ = {
			isa = PBXGroup;
			children = (
				B200001300000000000000A1 /* Yappy.app */,
				B200001800000000000000A1 /* YappyTests.xctest */,
			);
			name = Products;
			sourceTree = "<group>";
		};
/* End PBXGroup section */

/* Begin PBXNativeTarget section */
		B400000100000000000000A1 /* Yappy */ = {
			isa = PBXNativeTarget;
			buildConfigurationList = B900000100000000000000A1 /* Build configuration list for PBXNativeTarget "Yappy" */;
			buildPhases = (
				BA00000100000000000000A1 /* Sources */,
				B700000100000000000000A1 /* Frameworks */,
				BB00000100000000000000A1 /* Resources */,
			);
			buildRules = (
			);
			dependencies = (
			);
			name = Yappy;
			packageProductDependencies = (
				B600000100000000000000A1 /* FluidAudio */,
			);
			productName = Yappy;
			productReference = B200001300000000000000A1 /* Yappy.app */;
			productType = "com.apple.product-type.application";
		};
		B400000200000000000000A1 /* YappyTests */ = {
			isa = PBXNativeTarget;
			buildConfigurationList = B900000200000000000000A1 /* Build configuration list for PBXNativeTarget "YappyTests" */;
			buildPhases = (
				BA00000200000000000000A1 /* Sources */,
				B700000200000000000000A1 /* Frameworks */,
			);
			buildRules = (
			);
			dependencies = (
				BC00000100000000000000A1 /* PBXTargetDependency */,
			);
			name = YappyTests;
			productName = YappyTests;
			productReference = B200001800000000000000A1 /* YappyTests.xctest */;
			productType = "com.apple.product-type.bundle.unit-test";
		};
/* End PBXNativeTarget section */

/* Begin PBXProject section */
		B500000100000000000000A1 /* Project object */ = {
			isa = PBXProject;
			attributes = {
				BuildIndependentTargetsInParallel = 1;
				LastSwiftUpdateCheck = 1500;
				LastUpgradeCheck = 2620;
				TargetAttributes = {
					B400000100000000000000A1 = {
						CreatedOnToolsVersion = 15.0;
					};
					B400000200000000000000A1 = {
						CreatedOnToolsVersion = 15.0;
						TestTargetID = B400000100000000000000A1;
					};
				};
			};
			buildConfigurationList = B900000300000000000000A1 /* Build configuration list for PBXProject "Yappy" */;
			compatibilityVersion = "Xcode 14.0";
			developmentRegion = en;
			hasScannedForEncodings = 0;
			knownRegions = (
				en,
				Base,
			);
			mainGroup = B800000100000000000000A1;
			packageReferences = (
				B600000200000000000000A1 /* XCRemoteSwiftPackageReference "FluidAudio" */,
			);
			productRefGroup = B800000800000000000000A1 /* Products */;
			projectDirPath = "";
			projectRoot = "";
			targets = (
				B400000100000000000000A1 /* Yappy */,
				B400000200000000000000A1 /* YappyTests */,
			);
		};
/* End PBXProject section */

/* Begin PBXResourcesBuildPhase section */
		BB00000100000000000000A1 /* Resources */ = {
			isa = PBXResourcesBuildPhase;
			buildActionMask = 2147483647;
			files = (
				B100001200000000000000A1 /* Assets.xcassets in Resources */,
			);
			runOnlyForDeploymentPostprocessing = 0;
		};
/* End PBXResourcesBuildPhase section */

/* Begin PBXSourcesBuildPhase section */
		BA00000100000000000000A1 /* Sources */ = {
			isa = PBXSourcesBuildPhase;
			buildActionMask = 2147483647;
			files = (
				B100000100000000000000A1 /* YappyApp.swift in Sources */,
				B100000200000000000000A1 /* AppDelegate.swift in Sources */,
				B100000300000000000000A1 /* AudioRecorder.swift in Sources */,
				B100000400000000000000A1 /* AppState.swift in Sources */,
				B100000500000000000000A1 /* Settings.swift in Sources */,
				B100000600000000000000A1 /* Constants.swift in Sources */,
				B100000700000000000000A1 /* HistoryStore.swift in Sources */,
				B100000800000000000000A1 /* ParakeetTranscriptionService.swift in Sources */,
				B100000900000000000000A1 /* LMStudioService.swift in Sources */,
				B100000A00000000000000A1 /* HotkeyManager.swift in Sources */,
				B100000B00000000000000A1 /* TextInserter.swift in Sources */,
				B100000C00000000000000A1 /* RecordingPillController.swift in Sources */,
				B100000D00000000000000A1 /* RecordingPillView.swift in Sources */,
				B100000E00000000000000A1 /* MainWindow.swift in Sources */,
				B100000F00000000000000A1 /* HomeView.swift in Sources */,
				B100001000000000000000A1 /* SettingsView.swift in Sources */,
				B100001100000000000000A1 /* ModelSetupView.swift in Sources */,
				B100002000000000000000A1 /* ShortcutStore.swift in Sources */,
				B100002100000000000000A1 /* ShortcutExpander.swift in Sources */,
				B100002200000000000000A1 /* AppContextClassifier.swift in Sources */,
				B100002300000000000000A1 /* ShortcutsView.swift in Sources */,
				B100002400000000000000A1 /* OnboardingView.swift in Sources */,
				B100002800000000000000A1 /* DictionaryStore.swift in Sources */,
				B100002900000000000000A1 /* DictionaryView.swift in Sources */,
				B100002C00000000000000A1 /* EscapeInterceptor.swift in Sources */,
			);
			runOnlyForDeploymentPostprocessing = 0;
		};
		BA00000200000000000000A1 /* Sources */ = {
			isa = PBXSourcesBuildPhase;
			buildActionMask = 2147483647;
			files = (
				B100001400000000000000A1 /* AppStateTests.swift in Sources */,
				B100001500000000000000A1 /* SettingsTests.swift in Sources */,
				B100001600000000000000A1 /* HotkeyStateMachineTests.swift in Sources */,
				B100001700000000000000A1 /* HistoryStoreTests.swift in Sources */,
				B100002500000000000000A1 /* ShortcutExpanderTests.swift in Sources */,
				B100002600000000000000A1 /* AppContextClassifierTests.swift in Sources */,
				B100002700000000000000A1 /* ShortcutStoreTests.swift in Sources */,
				B100002A00000000000000A1 /* DictionaryStoreTests.swift in Sources */,
			);
			runOnlyForDeploymentPostprocessing = 0;
		};
/* End PBXSourcesBuildPhase section */

/* Begin PBXTargetDependency section */
		BC00000100000000000000A1 /* PBXTargetDependency */ = {
			isa = PBXTargetDependency;
			target = B400000100000000000000A1 /* Yappy */;
			targetProxy = B300000100000000000000A1 /* PBXContainerItemProxy */;
		};
/* End PBXTargetDependency section */

/* Begin XCBuildConfiguration section */
		BD00000100000000000000A1 /* Debug */ = {
			isa = XCBuildConfiguration;
			buildSettings = {
				ALWAYS_SEARCH_USER_PATHS = NO;
				ASSETCATALOG_COMPILER_GENERATE_SWIFT_ASSET_SYMBOL_EXTENSIONS = YES;
				CLANG_ANALYZER_NONNULL = YES;
				CLANG_ANALYZER_NUMBER_OBJECT_CONVERSION = YES_AGGRESSIVE;
				CLANG_CXX_LANGUAGE_STANDARD = "gnu++20";
				CLANG_ENABLE_MODULES = YES;
				CLANG_ENABLE_OBJC_ARC = YES;
				CLANG_ENABLE_OBJC_WEAK = YES;
				CLANG_WARN_BLOCK_CAPTURE_AUTORELEASING = YES;
				CLANG_WARN_BOOL_CONVERSION = YES;
				CLANG_WARN_COMMA = YES;
				CLANG_WARN_CONSTANT_CONVERSION = YES;
				CLANG_WARN_DEPRECATED_OBJC_IMPLEMENTATIONS = YES;
				CLANG_WARN_DIRECT_OBJC_ISA_USAGE = YES_ERROR;
				CLANG_WARN_DOCUMENTATION_COMMENTS = YES;
				CLANG_WARN_EMPTY_BODY = YES;
				CLANG_WARN_ENUM_CONVERSION = YES;
				CLANG_WARN_INFINITE_RECURSION = YES;
				CLANG_WARN_INT_CONVERSION = YES;
				CLANG_WARN_NON_LITERAL_NULL_CONVERSION = YES;
				CLANG_WARN_OBJC_IMPLICIT_RETAIN_SELF = YES;
				CLANG_WARN_OBJC_LITERAL_CONVERSION = YES;
				CLANG_WARN_OBJC_ROOT_CLASS = YES_ERROR;
				CLANG_WARN_QUOTED_INCLUDE_IN_FRAMEWORK_HEADER = YES;
				CLANG_WARN_RANGE_LOOP_ANALYSIS = YES;
				CLANG_WARN_STRICT_PROTOTYPES = YES;
				CLANG_WARN_SUSPICIOUS_MOVE = YES;
				CLANG_WARN_UNGUARDED_AVAILABILITY = YES_AGGRESSIVE;
				CLANG_WARN_UNREACHABLE_CODE = YES;
				CLANG_WARN__DUPLICATE_METHOD_MATCH = YES;
				COPY_PHASE_STRIP = NO;
				DEAD_CODE_STRIPPING = YES;
				DEBUG_INFORMATION_FORMAT = dwarf;
				ENABLE_STRICT_OBJC_MSGSEND = YES;
				ENABLE_TESTABILITY = YES;
				ENABLE_USER_SCRIPT_SANDBOXING = YES;
				GCC_C_LANGUAGE_STANDARD = gnu17;
				GCC_DYNAMIC_NO_PIC = NO;
				GCC_NO_COMMON_BLOCKS = YES;
				GCC_OPTIMIZATION_LEVEL = 0;
				GCC_PREPROCESSOR_DEFINITIONS = (
					"DEBUG=1",
					"$(inherited)",
				);
				GCC_WARN_64_TO_32_BIT_CONVERSION = YES;
				GCC_WARN_ABOUT_RETURN_TYPE = YES_ERROR;
				GCC_WARN_UNDECLARED_SELECTOR = YES;
				GCC_WARN_UNINITIALIZED_AUTOS = YES_AGGRESSIVE;
				GCC_WARN_UNUSED_FUNCTION = YES;
				GCC_WARN_UNUSED_VARIABLE = YES;
				LOCALIZATION_PREFERS_STRING_CATALOGS = YES;
				MACOSX_DEPLOYMENT_TARGET = 14.0;
				MTL_ENABLE_DEBUG_INFO = INCLUDE_SOURCE;
				MTL_FAST_MATH = YES;
				ONLY_ACTIVE_ARCH = YES;
				SDKROOT = macosx;
				STRING_CATALOG_GENERATE_SYMBOLS = YES;
				SWIFT_ACTIVE_COMPILATION_CONDITIONS = "DEBUG $(inherited)";
				SWIFT_OPTIMIZATION_LEVEL = "-Onone";
			};
			name = Debug;
		};
		BD00000200000000000000A1 /* Release */ = {
			isa = XCBuildConfiguration;
			buildSettings = {
				ALWAYS_SEARCH_USER_PATHS = NO;
				ASSETCATALOG_COMPILER_GENERATE_SWIFT_ASSET_SYMBOL_EXTENSIONS = YES;
				CLANG_ANALYZER_NONNULL = YES;
				CLANG_ANALYZER_NUMBER_OBJECT_CONVERSION = YES_AGGRESSIVE;
				CLANG_CXX_LANGUAGE_STANDARD = "gnu++20";
				CLANG_ENABLE_MODULES = YES;
				CLANG_ENABLE_OBJC_ARC = YES;
				CLANG_ENABLE_OBJC_WEAK = YES;
				CLANG_WARN_BLOCK_CAPTURE_AUTORELEASING = YES;
				CLANG_WARN_BOOL_CONVERSION = YES;
				CLANG_WARN_COMMA = YES;
				CLANG_WARN_CONSTANT_CONVERSION = YES;
				CLANG_WARN_DEPRECATED_OBJC_IMPLEMENTATIONS = YES;
				CLANG_WARN_DIRECT_OBJC_ISA_USAGE = YES_ERROR;
				CLANG_WARN_DOCUMENTATION_COMMENTS = YES;
				CLANG_WARN_EMPTY_BODY = YES;
				CLANG_WARN_ENUM_CONVERSION = YES;
				CLANG_WARN_INFINITE_RECURSION = YES;
				CLANG_WARN_INT_CONVERSION = YES;
				CLANG_WARN_NON_LITERAL_NULL_CONVERSION = YES;
				CLANG_WARN_OBJC_IMPLICIT_RETAIN_SELF = YES;
				CLANG_WARN_OBJC_LITERAL_CONVERSION = YES;
				CLANG_WARN_OBJC_ROOT_CLASS = YES_ERROR;
				CLANG_WARN_QUOTED_INCLUDE_IN_FRAMEWORK_HEADER = YES;
				CLANG_WARN_RANGE_LOOP_ANALYSIS = YES;
				CLANG_WARN_STRICT_PROTOTYPES = YES;
				CLANG_WARN_SUSPICIOUS_MOVE = YES;
				CLANG_WARN_UNGUARDED_AVAILABILITY = YES_AGGRESSIVE;
				CLANG_WARN_UNREACHABLE_CODE = YES;
				CLANG_WARN__DUPLICATE_METHOD_MATCH = YES;
				COPY_PHASE_STRIP = NO;
				DEAD_CODE_STRIPPING = YES;
				DEBUG_INFORMATION_FORMAT = "dwarf-with-dsym";
				ENABLE_NS_ASSERTIONS = NO;
				ENABLE_STRICT_OBJC_MSGSEND = YES;
				ENABLE_USER_SCRIPT_SANDBOXING = YES;
				GCC_C_LANGUAGE_STANDARD = gnu17;
				GCC_NO_COMMON_BLOCKS = YES;
				GCC_WARN_64_TO_32_BIT_CONVERSION = YES;
				GCC_WARN_ABOUT_RETURN_TYPE = YES_ERROR;
				GCC_WARN_UNDECLARED_SELECTOR = YES;
				GCC_WARN_UNINITIALIZED_AUTOS = YES_AGGRESSIVE;
				GCC_WARN_UNUSED_FUNCTION = YES;
				GCC_WARN_UNUSED_VARIABLE = YES;
				LOCALIZATION_PREFERS_STRING_CATALOGS = YES;
				MACOSX_DEPLOYMENT_TARGET = 14.0;
				MTL_ENABLE_DEBUG_INFO = NO;
				MTL_FAST_MATH = YES;
				SDKROOT = macosx;
				STRING_CATALOG_GENERATE_SYMBOLS = YES;
				SWIFT_COMPILATION_MODE = wholemodule;
			};
			name = Release;
		};
		BD00000300000000000000A1 /* Debug */ = {
			isa = XCBuildConfiguration;
			buildSettings = {
				ASSETCATALOG_COMPILER_APPICON_NAME = AppIcon;
				ASSETCATALOG_COMPILER_GLOBAL_ACCENT_COLOR_NAME = AccentColor;
				CODE_SIGN_ENTITLEMENTS = Yappy/Yappy.entitlements;
				CODE_SIGN_STYLE = Automatic;
				COMBINE_HIDPI_IMAGES = YES;
				CURRENT_PROJECT_VERSION = 1;
				DEAD_CODE_STRIPPING = YES;
				DEVELOPMENT_TEAM = "";
				ENABLE_APP_SANDBOX = NO;
				ENABLE_HARDENED_RUNTIME = YES;
				ENABLE_PREVIEWS = YES;
				GENERATE_INFOPLIST_FILE = NO;
				INFOPLIST_FILE = Yappy/Info.plist;
				INFOPLIST_KEY_LSUIElement = YES;
				INFOPLIST_KEY_NSMicrophoneUsageDescription = "Yappy needs access to your microphone to transcribe your voice recordings.";
				LD_RUNPATH_SEARCH_PATHS = (
					"$(inherited)",
					"@executable_path/../Frameworks",
				);
				MARKETING_VERSION = 2.0;
				PRODUCT_BUNDLE_IDENTIFIER = com.yappy.app;
				PRODUCT_NAME = "$(TARGET_NAME)";
				SWIFT_EMIT_LOC_STRINGS = YES;
				SWIFT_VERSION = 5.0;
			};
			name = Debug;
		};
		BD00000400000000000000A1 /* Release */ = {
			isa = XCBuildConfiguration;
			buildSettings = {
				ASSETCATALOG_COMPILER_APPICON_NAME = AppIcon;
				ASSETCATALOG_COMPILER_GLOBAL_ACCENT_COLOR_NAME = AccentColor;
				CODE_SIGN_ENTITLEMENTS = Yappy/Yappy.entitlements;
				CODE_SIGN_STYLE = Automatic;
				COMBINE_HIDPI_IMAGES = YES;
				CURRENT_PROJECT_VERSION = 1;
				DEAD_CODE_STRIPPING = YES;
				DEVELOPMENT_TEAM = "";
				ENABLE_APP_SANDBOX = NO;
				ENABLE_HARDENED_RUNTIME = YES;
				ENABLE_PREVIEWS = YES;
				GENERATE_INFOPLIST_FILE = NO;
				INFOPLIST_FILE = Yappy/Info.plist;
				INFOPLIST_KEY_LSUIElement = YES;
				INFOPLIST_KEY_NSMicrophoneUsageDescription = "Yappy needs access to your microphone to transcribe your voice recordings.";
				LD_RUNPATH_SEARCH_PATHS = (
					"$(inherited)",
					"@executable_path/../Frameworks",
				);
				MARKETING_VERSION = 2.0;
				PRODUCT_BUNDLE_IDENTIFIER = com.yappy.app;
				PRODUCT_NAME = "$(TARGET_NAME)";
				SWIFT_EMIT_LOC_STRINGS = YES;
				SWIFT_VERSION = 5.0;
			};
			name = Release;
		};
		BD00000500000000000000A1 /* Debug */ = {
			isa = XCBuildConfiguration;
			buildSettings = {
				BUNDLE_LOADER = "$(TEST_HOST)";
				CODE_SIGN_STYLE = Automatic;
				CURRENT_PROJECT_VERSION = 1;
				GENERATE_INFOPLIST_FILE = YES;
				MARKETING_VERSION = 1.0;
				PRODUCT_BUNDLE_IDENTIFIER = com.yappy.app.tests;
				PRODUCT_NAME = "$(TARGET_NAME)";
				SWIFT_EMIT_LOC_STRINGS = NO;
				SWIFT_VERSION = 5.0;
				TEST_HOST = "$(BUILT_PRODUCTS_DIR)/Yappy.app/Contents/MacOS/Yappy";
			};
			name = Debug;
		};
		BD00000600000000000000A1 /* Release */ = {
			isa = XCBuildConfiguration;
			buildSettings = {
				BUNDLE_LOADER = "$(TEST_HOST)";
				CODE_SIGN_STYLE = Automatic;
				CURRENT_PROJECT_VERSION = 1;
				GENERATE_INFOPLIST_FILE = YES;
				MARKETING_VERSION = 1.0;
				PRODUCT_BUNDLE_IDENTIFIER = com.yappy.app.tests;
				PRODUCT_NAME = "$(TARGET_NAME)";
				SWIFT_EMIT_LOC_STRINGS = NO;
				SWIFT_VERSION = 5.0;
				TEST_HOST = "$(BUILT_PRODUCTS_DIR)/Yappy.app/Contents/MacOS/Yappy";
			};
			name = Release;
		};
/* End XCBuildConfiguration section */

/* Begin XCConfigurationList section */
		B900000100000000000000A1 /* Build configuration list for PBXNativeTarget "Yappy" */ = {
			isa = XCConfigurationList;
			buildConfigurations = (
				BD00000300000000000000A1 /* Debug */,
				BD00000400000000000000A1 /* Release */,
			);
			defaultConfigurationIsVisible = 0;
			defaultConfigurationName = Release;
		};
		B900000200000000000000A1 /* Build configuration list for PBXNativeTarget "YappyTests" */ = {
			isa = XCConfigurationList;
			buildConfigurations = (
				BD00000500000000000000A1 /* Debug */,
				BD00000600000000000000A1 /* Release */,
			);
			defaultConfigurationIsVisible = 0;
			defaultConfigurationName = Release;
		};
		B900000300000000000000A1 /* Build configuration list for PBXProject "Yappy" */ = {
			isa = XCConfigurationList;
			buildConfigurations = (
				BD00000100000000000000A1 /* Debug */,
				BD00000200000000000000A1 /* Release */,
			);
			defaultConfigurationIsVisible = 0;
			defaultConfigurationName = Release;
		};
/* End XCConfigurationList section */

/* Begin XCRemoteSwiftPackageReference section */
		B600000200000000000000A1 /* XCRemoteSwiftPackageReference "FluidAudio" */ = {
			isa = XCRemoteSwiftPackageReference;
			repositoryURL = "https://github.com/FluidInference/FluidAudio.git";
			requirement = {
				kind = upToNextMajorVersion;
				minimumVersion = 0.15.2;
			};
		};
/* End XCRemoteSwiftPackageReference section */

/* Begin XCSwiftPackageProductDependency section */
		B600000100000000000000A1 /* FluidAudio */ = {
			isa = XCSwiftPackageProductDependency;
			package = B600000200000000000000A1 /* XCRemoteSwiftPackageReference "FluidAudio" */;
			productName = FluidAudio;
		};
/* End XCSwiftPackageProductDependency section */
	};
	rootObject = B500000100000000000000A1 /* Project object */;
}
